
Microsoft Visual Studio Solution File, Format Version 12.00
# Visual Studio Version 17
VisualStudioVersion = 17.0.31611.283
MinimumVisualStudioVersion = 10.0.40219.1
Project("{9A19103F-16F7-4668-BE54-9A1E7A4F7556}") = "ToDoListApp", "ToDoListApp\ToDoListApp.csproj", "{0C34949F-AF49-4EEF-A90D-E12205001B83}"
EndProject
Project("{9A19103F-16F7-4668-BE54-9A1E7A4F7556}") = "CarListingApp", "CarListingApp\CarListingApp.csproj", "{1E3BEB6F-DA9A-4E87-8DCA-E9528F8F927D}"
EndProject
Project("{9A19103F-16F7-4668-BE54-9A1E7A4F7556}") = "CarListingApp.API", "CarListingApp.API\CarListingApp.API.csproj", "{AEA33F29-448D-496B-BA7F-4EB7B2CF8652}"
EndProject
Project("{9A19103F-16F7-4668-BE54-9A1E7A4F7556}") = "ColorMaker", "ColorMaker\ColorMaker.csproj", "{F81DA315-99FD-4A02-BB51-BC2725727F9B}"
EndProject
Project("{9A19103F-16F7-4668-BE54-9A1E7A4F7556}") = "PerfectPay", "PerfectPay\PerfectPay.csproj", "{E6D577C3-BB5B-45F8-9CD1-48C11CC7273A}"
EndProject
Project("{9A19103F-16F7-4668-BE54-9A1E7A4F7556}") = "CodeQuotes", "CodeQuotes\CodeQuotes.csproj", "{B8192F38-74CA-4C98-9968-A1DFBBB47A02}"
EndProject
Project("{9A19103F-16F7-4668-BE54-9A1E7A4F7556}") = "Hangman", "Hangman\Hangman.csproj", "{DB573A51-88F8-4F2B-9787-33C35EC15496}"
EndProject
Project("{9A19103F-16F7-4668-BE54-9A1E7A4F7556}") = "BMICalculator", "BMICalculator\BMICalculator.csproj", "{1C20CAC4-CE62-446B-AA74-FA647D040FA5}"
EndProject
Project("{9A19103F-16F7-4668-BE54-9A1E7A4F7556}") = "UnitConverter", "UnitConverter\UnitConverter.csproj", "{D63FCC17-2D1C-4AAC-8BB5-88700A8128E9}"
EndProject
Project("{9A19103F-16F7-4668-BE54-9A1E7A4F7556}") = "Calculator", "Calculator\Calculator.csproj", "{70C77A67-045A-457B-82FB-54E812BD8C40}"
EndProject
Project("{9A19103F-16F7-4668-BE54-9A1E7A4F7556}") = "Tasker", "Tasker\Tasker.csproj", "{6CC77801-5FCE-4C5F-95C1-16055182580E}"
EndProject
Project("{9A19103F-16F7-4668-BE54-9A1E7A4F7556}") = "WeatherForecastApp", "WeatherForecastApp\WeatherForecastApp.csproj", "{08F68097-28D5-4DE3-ACD6-EE5E4908F5D4}"
EndProject
Project("{FAE04EC0-301F-11D3-BF4B-00C04F79EFBC}") = "ProsperDaily", "ProsperDaily\ProsperDaily.csproj", "{D10E311F-0102-41E8-A7F1-947E621AA103}"
EndProject
Global
	GlobalSection(SolutionConfigurationPlatforms) = preSolution
		Debug|Any CPU = Debug|Any CPU
		Release|Any CPU = Release|Any CPU
	EndGlobalSection
	GlobalSection(ProjectConfigurationPlatforms) = postSolution
		{0C34949F-AF49-4EEF-A90D-E12205001B83}.Debug|Any CPU.ActiveCfg = Debug|Any CPU
		{0C34949F-AF49-4EEF-A90D-E12205001B83}.Debug|Any CPU.Build.0 = Debug|Any CPU
		{0C34949F-AF49-4EEF-A90D-E12205001B83}.Debug|Any CPU.Deploy.0 = Debug|Any CPU
		{0C34949F-AF49-4EEF-A90D-E12205001B83}.Release|Any CPU.ActiveCfg = Release|Any CPU
		{0C34949F-AF49-4EEF-A90D-E12205001B83}.Release|Any CPU.Build.0 = Release|Any CPU
		{0C34949F-AF49-4EEF-A90D-E12205001B83}.Release|Any CPU.Deploy.0 = Release|Any CPU
		{1E3BEB6F-DA9A-4E87-8DCA-E9528F8F927D}.Debug|Any CPU.ActiveCfg = Debug|Any CPU
		{1E3BEB6F-DA9A-4E87-8DCA-E9528F8F927D}.Debug|Any CPU.Build.0 = Debug|Any CPU
		{1E3BEB6F-DA9A-4E87-8DCA-E9528F8F927D}.Debug|Any CPU.Deploy.0 = Debug|Any CPU
		{1E3BEB6F-DA9A-4E87-8DCA-E9528F8F927D}.Release|Any CPU.ActiveCfg = Release|Any CPU
		{1E3BEB6F-DA9A-4E87-8DCA-E9528F8F927D}.Release|Any CPU.Build.0 = Release|Any CPU
		{1E3BEB6F-DA9A-4E87-8DCA-E9528F8F927D}.Release|Any CPU.Deploy.0 = Release|Any CPU
		{AEA33F29-448D-496B-BA7F-4EB7B2CF8652}.Debug|Any CPU.ActiveCfg = Debug|Any CPU
		{AEA33F29-448D-496B-BA7F-4EB7B2CF8652}.Debug|Any CPU.Build.0 = Debug|Any CPU
		{AEA33F29-448D-496B-BA7F-4EB7B2CF8652}.Release|Any CPU.ActiveCfg = Release|Any CPU
		{AEA33F29-448D-496B-BA7F-4EB7B2CF8652}.Release|Any CPU.Build.0 = Release|Any CPU
		{F81DA315-99FD-4A02-BB51-BC2725727F9B}.Debug|Any CPU.ActiveCfg = Debug|Any CPU
		{F81DA315-99FD-4A02-BB51-BC2725727F9B}.Debug|Any CPU.Build.0 = Debug|Any CPU
		{F81DA315-99FD-4A02-BB51-BC2725727F9B}.Debug|Any CPU.Deploy.0 = Debug|Any CPU
		{F81DA315-99FD-4A02-BB51-BC2725727F9B}.Release|Any CPU.ActiveCfg = Release|Any CPU
		{F81DA315-99FD-4A02-BB51-BC2725727F9B}.Release|Any CPU.Build.0 = Release|Any CPU
		{F81DA315-99FD-4A02-BB51-BC2725727F9B}.Release|Any CPU.Deploy.0 = Release|Any CPU
		{E6D577C3-BB5B-45F8-9CD1-48C11CC7273A}.Debug|Any CPU.ActiveCfg = Debug|Any CPU
		{E6D577C3-BB5B-45F8-9CD1-48C11CC7273A}.Debug|Any CPU.Build.0 = Debug|Any CPU
		{E6D577C3-BB5B-45F8-9CD1-48C11CC7273A}.Debug|Any CPU.Deploy.0 = Debug|Any CPU
		{E6D577C3-BB5B-45F8-9CD1-48C11CC7273A}.Release|Any CPU.ActiveCfg = Release|Any CPU
		{E6D577C3-BB5B-45F8-9CD1-48C11CC7273A}.Release|Any CPU.Build.0 = Release|Any CPU
		{E6D577C3-BB5B-45F8-9CD1-48C11CC7273A}.Release|Any CPU.Deploy.0 = Release|Any CPU
		{B8192F38-74CA-4C98-9968-A1DFBBB47A02}.Debug|Any CPU.ActiveCfg = Debug|Any CPU
		{B8192F38-74CA-4C98-9968-A1DFBBB47A02}.Debug|Any CPU.Build.0 = Debug|Any CPU
		{B8192F38-74CA-4C98-9968-A1DFBBB47A02}.Debug|Any CPU.Deploy.0 = Debug|Any CPU
		{B8192F38-74CA-4C98-9968-A1DFBBB47A02}.Release|Any CPU.ActiveCfg = Release|Any CPU
		{B8192F38-74CA-4C98-9968-A1DFBBB47A02}.Release|Any CPU.Build.0 = Release|Any CPU
		{B8192F38-74CA-4C98-9968-A1DFBBB47A02}.Release|Any CPU.Deploy.0 = Release|Any CPU
		{DB573A51-88F8-4F2B-9787-33C35EC15496}.Debug|Any CPU.ActiveCfg = Debug|Any CPU
		{DB573A51-88F8-4F2B-9787-33C35EC15496}.Debug|Any CPU.Build.0 = Debug|Any CPU
		{DB573A51-88F8-4F2B-9787-33C35EC15496}.Debug|Any CPU.Deploy.0 = Debug|Any CPU
		{DB573A51-88F8-4F2B-9787-33C35EC15496}.Release|Any CPU.ActiveCfg = Release|Any CPU
		{DB573A51-88F8-4F2B-9787-33C35EC15496}.Release|Any CPU.Build.0 = Release|Any CPU
		{DB573A51-88F8-4F2B-9787-33C35EC15496}.Release|Any CPU.Deploy.0 = Release|Any CPU
		{1C20CAC4-CE62-446B-AA74-FA647D040FA5}.Debug|Any CPU.ActiveCfg = Debug|Any CPU
		{1C20CAC4-CE62-446B-AA74-FA647D040FA5}.Debug|Any CPU.Build.0 = Debug|Any CPU
		{1C20CAC4-CE62-446B-AA74-FA647D040FA5}.Debug|Any CPU.Deploy.0 = Debug|Any CPU
		{1C20CAC4-CE62-446B-AA74-FA647D040FA5}.Release|Any CPU.ActiveCfg = Release|Any CPU
		{1C20CAC4-CE62-446B-AA74-FA647D040FA5}.Release|Any CPU.Build.0 = Release|Any CPU
		{1C20CAC4-CE62-446B-AA74-FA647D040FA5}.Release|Any CPU.Deploy.0 = Release|Any CPU
		{D63FCC17-2D1C-4AAC-8BB5-88700A8128E9}.Debug|Any CPU.ActiveCfg = Debug|Any CPU
		{D63FCC17-2D1C-4AAC-8BB5-88700A8128E9}.Debug|Any CPU.Build.0 = Debug|Any CPU
		{D63FCC17-2D1C-4AAC-8BB5-88700A8128E9}.Debug|Any CPU.Deploy.0 = Debug|Any CPU
		{D63FCC17-2D1C-4AAC-8BB5-88700A8128E9}.Release|Any CPU.ActiveCfg = Release|Any CPU
		{D63FCC17-2D1C-4AAC-8BB5-88700A8128E9}.Release|Any CPU.Build.0 = Release|Any CPU
		{D63FCC17-2D1C-4AAC-8BB5-88700A8128E9}.Release|Any CPU.Deploy.0 = Release|Any CPU
		{70C77A67-045A-457B-82FB-54E812BD8C40}.Debug|Any CPU.ActiveCfg = Debug|Any CPU
		{70C77A67-045A-457B-82FB-54E812BD8C40}.Debug|Any CPU.Build.0 = Debug|Any CPU
		{70C77A67-045A-457B-82FB-54E812BD8C40}.Debug|Any CPU.Deploy.0 = Debug|Any CPU
		{70C77A67-045A-457B-82FB-54E812BD8C40}.Release|Any CPU.ActiveCfg = Release|Any CPU
		{70C77A67-045A-457B-82FB-54E812BD8C40}.Release|Any CPU.Build.0 = Release|Any CPU
		{70C77A67-045A-457B-82FB-54E812BD8C40}.Release|Any CPU.Deploy.0 = Release|Any CPU
		{6CC77801-5FCE-4C5F-95C1-16055182580E}.Debug|Any CPU.ActiveCfg = Debug|Any CPU
		{6CC77801-5FCE-4C5F-95C1-16055182580E}.Debug|Any CPU.Build.0 = Debug|Any CPU
		{6CC77801-5FCE-4C5F-95C1-16055182580E}.Debug|Any CPU.Deploy.0 = Debug|Any CPU
		{6CC77801-5FCE-4C5F-95C1-16055182580E}.Release|Any CPU.ActiveCfg = Release|Any CPU
		{6CC77801-5FCE-4C5F-95C1-16055182580E}.Release|Any CPU.Build.0 = Release|Any CPU
		{6CC77801-5FCE-4C5F-95C1-16055182580E}.Release|Any CPU.Deploy.0 = Release|Any CPU
		{08F68097-28D5-4DE3-ACD6-EE5E4908F5D4}.Debug|Any CPU.ActiveCfg = Debug|Any CPU
		{08F68097-28D5-4DE3-ACD6-EE5E4908F5D4}.Debug|Any CPU.Build.0 = Debug|Any CPU
		{08F68097-28D5-4DE3-ACD6-EE5E4908F5D4}.Debug|Any CPU.Deploy.0 = Debug|Any CPU
		{08F68097-28D5-4DE3-ACD6-EE5E4908F5D4}.Release|Any CPU.ActiveCfg = Release|Any CPU
		{08F68097-28D5-4DE3-ACD6-EE5E4908F5D4}.Release|Any CPU.Build.0 = Release|Any CPU
		{08F68097-28D5-4DE3-ACD6-EE5E4908F5D4}.Release|Any CPU.Deploy.0 = Release|Any CPU
		{D10E311F-0102-41E8-A7F1-947E621AA103}.Debug|Any CPU.ActiveCfg = Debug|Any CPU
		{D10E311F-0102-41E8-A7F1-947E621AA103}.Debug|Any CPU.Build.0 = Debug|Any CPU
		{D10E311F-0102-41E8-A7F1-947E621AA103}.Debug|Any CPU.Deploy.0 = Debug|Any CPU
		{D10E311F-0102-41E8-A7F1-947E621AA103}.Release|Any CPU.ActiveCfg = Release|Any CPU
		{D10E311F-0102-41E8-A7F1-947E621AA103}.Release|Any CPU.Build.0 = Release|Any CPU
		{D10E311F-0102-41E8-A7F1-947E621AA103}.Release|Any CPU.Deploy.0 = Release|Any CPU
	EndGlobalSection
	GlobalSection(SolutionProperties) = preSolution
		HideSolutionNode = FALSE
	EndGlobalSection
	GlobalSection(ExtensibilityGlobals) = postSolution
		SolutionGuid = {61F7FB11-1E47-470C-91E2-47F8143E1572}
	EndGlobalSection
EndGlobal
